<?xml version="1.0" encoding="utf-8"?>
<Project ToolsVersion="4.0" xmlns="http://schemas.microsoft.com/developer/msbuild/2003">
  <ItemGroup>
    <ClCompile Include="..\src\SNLS_device_forall.cxx">
      <Filter>Source Files</Filter>
    </ClCompile>
    <ClCompile Include="..\src\SNLS_memory_manager.cxx">
      <Filter>Source Files</Filter>
    </ClCompile>
  </ItemGroup>
  <ItemGroup>
    <ClInclude Include="..\src\SNLS_base.h">
      <Filter>Header Files</Filter>
    </ClInclude>
    <ClInclude Include=".\SNLS_config.h">
      <Filter>Header Files</Filter>
    </ClInclude>
    <ClInclude Include="..\src\SNLS_cuda_portability.h">
      <Filter>Header Files</Filter>
    </ClInclude>
    <ClInclude Include="..\src\SNLS_device_forall.h">
      <Filter>Header Files</Filter>
    </ClInclude>
    <ClInclude Include="..\src\SNLS_HybrdTrDLDenseG.h">
      <Filter>Header Files</Filter>
    </ClInclude>
    <ClInclude Include="..\src\SNLS_kernels.h">
      <Filter>Header Files</Filter>
    </ClInclude>
    <ClInclude Include="..\src\SNLS_kernels_batch.h">
      <Filter>Header Files</Filter>
    </ClInclude>
    <ClInclude Include="..\src\SNLS_linalg.h">
      <Filter>Header Files</Filter>
    </ClInclude>
    <ClInclude Include="..\src\SNLS_lup_solve.h">
      <Filter>Header Files</Filter>
    </ClInclude>
    <ClInclude Include="..\src\SNLS_memory_manager.h">
      <Filter>Header Files</Filter>
    </ClInclude>
    <ClInclude Include="..\src\SNLS_NewtonBB.h">
      <Filter>Header Files</Filter>
    </ClInclude>
    <ClInclude Include="..\src\SNLS_port.h">
      <Filter>Header Files</Filter>
    </ClInclude>
    <ClInclude Include="..\src\SNLS_qr_solve.h">
      <Filter>Header Files</Filter>
    </ClInclude>
    <ClInclude Include="..\src\SNLS_TrDelta.h">
      <Filter>Header Files</Filter>
    </ClInclude>
    <ClInclude Include="..\src\SNLS_TrDLDenseG.h">
      <Filter>Header Files</Filter>
    </ClInclude>
    <ClInclude Include="..\src\SNLS_TrDLDenseG_Batch.h">
      <Filter>Header Files</Filter>
    </ClInclude>
  </ItemGroup>
  <ItemGroup>
    <Filter Include="Source Files">
      <UniqueIdentifier>{7f8197b8-7e73-4e94-97ba-5a373118fb73}</UniqueIdentifier>
    </Filter>
    <Filter Include="Header Files">
      <UniqueIdentifier>{a089daf0-0b71-4d05-9ba9-672703ecd9b0}</UniqueIdentifier>
    </Filter>
  </ItemGroup>
</Project>
