<?xml version="1.0" encoding="utf-8"?>
<Project ToolsVersion="15.0" xmlns="http://schemas.microsoft.com/developer/msbuild/2003">
  <ItemGroup>
    <ClInclude Include="..\SNLS_port.h">
      <Filter>Header Files</Filter>
    </ClInclude>
    <ClInclude Include="..\SNLS_cuda_portability.h">
      <Filter>Header Files</Filter>
    </ClInclude>
    <ClInclude Include="..\SNLS_base.h">
      <Filter>Header Files</Filter>
    </ClInclude>
    <ClInclude Include="..\SNLS_lup_solve.h">
      <Filter>Header Files</Filter>
    </ClInclude>
    <ClInclude Include="..\SNLS_TrDLDenseG.h">
      <Filter>Header Files</Filter>
    </ClInclude>
    <ClInclude Include="..\SNLS_NewtonBB.h">
      <Filter>Header Files</Filter>
    </ClInclude>
  </ItemGroup>
  <ItemGroup>
    <Filter Include="Header Files">
      <UniqueIdentifier>{01FA6FD9-A8E2-3F5B-9F40-C12E1A89B230}</UniqueIdentifier>
    </Filter>
  </ItemGroup>
</Project>
